
Microsoft Visual Studio Solution File, Format Version 12.00
# Visual Studio 14
VisualStudioVersion = 14.0.25420.1
MinimumVisualStudioVersion = 10.0.40219.1
Project("{2150E333-8FDC-42A3-9474-1A3956D46DE8}") = "Concepts", "Concepts", "{82DB8C56-2EBB-4776-9BC5-F2DC185C010A}"
EndProject
Project("{2150E333-8FDC-42A3-9474-1A3956D46DE8}") = "XML", "XML", "{B81432EF-89E5-4344-9013-67C38E09AD14}"
EndProject
Project("{FAE04EC0-301F-11D3-BF4B-00C04F79EFBC}") = "ConsoleApplicationXML", "ConsoleApplicationXML\ConsoleApplicationXML.csproj", "{C2EAC0B0-F253-4D10-96DF-8D72D52A0D7C}"
EndProject
Project("{2150E333-8FDC-42A3-9474-1A3956D46DE8}") = "MVC", "MVC", "{04F61548-DC76-4C77-B10B-EBF5732747E9}"
EndProject
Project("{2150E333-8FDC-42A3-9474-1A3956D46DE8}") = "Questpond", "Questpond", "{52153901-E39D-4CCF-B572-15F9BA43A0CE}"
EndProject
Project("{FAE04EC0-301F-11D3-BF4B-00C04F79EFBC}") = "WebApplication1", "Concepts\MVC\WebApplication1\WebApplication1.csproj", "{A32460A9-4EA3-49E3-AABC-F0FF90D16CDA}"
EndProject
Project("{2150E333-8FDC-42A3-9474-1A3956D46DE8}") = "JSON", "JSON", "{A741053D-D3EA-4F7B-8319-A878C3FAB464}"
EndProject
Project("{FAE04EC0-301F-11D3-BF4B-00C04F79EFBC}") = "WebApplicationJSON", "Concepts\JSON\WebApplicationJSON\WebApplicationJSON.csproj", "{698A5E81-B68E-4F5C-90FB-48C47F0F43BF}"
EndProject
Project("{2150E333-8FDC-42A3-9474-1A3956D46DE8}") = "JQuery", "JQuery", "{690148B3-96EF-4F53-BDE0-0CF9FB71BFF1}"
EndProject
Project("{FAE04EC0-301F-11D3-BF4B-00C04F79EFBC}") = "WebApplicationJQuery", "Concepts\Jquery\WebApplicationJQuery\WebApplicationJQuery.csproj", "{9F31F65A-9AA2-476A-8D1F-DFBDDAE84ADD}"
EndProject
Project("{2150E333-8FDC-42A3-9474-1A3956D46DE8}") = "Solution Items", "Solution Items", "{31FD035E-D436-4542-9113-D0F014237D19}"
	ProjectSection(SolutionItems) = preProject
		CDNs.txt = CDNs.txt
	EndProjectSection
EndProject
Project("{2150E333-8FDC-42A3-9474-1A3956D46DE8}") = "Webgrid", "Webgrid", "{86A1A9BC-7188-4336-8B58-6D2FB30C65B7}"
EndProject
Project("{FAE04EC0-301F-11D3-BF4B-00C04F79EFBC}") = "WebGridDemo", "Concepts\MVC\Webgrid\WebGridDemo\WebGridDemo.csproj", "{270CB594-86AD-405D-84DE-B7065A7E958E}"
EndProject
Project("{FAE04EC0-301F-11D3-BF4B-00C04F79EFBC}") = "MVCSortingPagingJquery", "Concepts\MVC\Webgrid\MVCSortingPagingJquery\MVCSortingPagingJquery\MVCSortingPagingJquery.csproj", "{AAEC5F6A-4ED8-4AC3-903D-AEAFA65A1EB2}"
EndProject
Project("{FAE04EC0-301F-11D3-BF4B-00C04F79EFBC}") = "UnitTestProjectDemo", "Concepts\UnitTestProjectDemo\UnitTestProjectDemo.csproj", "{3C874CF3-0A57-4904-AD9B-63EDBC9CC26A}"
EndProject
Project("{2150E333-8FDC-42A3-9474-1A3956D46DE8}") = "ConsoleUtilities", "ConsoleUtilities", "{4720116D-5998-453B-B15F-AA6EA072646C}"
EndProject
Project("{FAE04EC0-301F-11D3-BF4B-00C04F79EFBC}") = "ConsoleUtilities", "ConsoleUtilities\ConsoleUtilities.csproj", "{BC288D2C-40A2-4121-978E-E6922FAE7BA0}"
EndProject
Project("{FAE04EC0-301F-11D3-BF4B-00C04F79EFBC}") = "AspnetIdentityDemo", "Concepts\MVC\ASPNETIdentityDemo\WebApplication2\AspnetIdentityDemo.csproj", "{A1374232-8D0C-4979-B438-BCDEEF934429}"
EndProject
Project("{FAE04EC0-301F-11D3-BF4B-00C04F79EFBC}") = "SimplePasswordGrant", "Concepts\Identity\SimplePasswordGrant\SimplePasswordGrant\SimplePasswordGrant.csproj", "{968D4851-296A-46A9-A3F2-4969C4AEDAE5}"
EndProject
Project("{2150E333-8FDC-42A3-9474-1A3956D46DE8}") = "HelloWorld", "HelloWorld", "{192FDBDA-DAB6-48E7-80BE-D52BB0FD732C}"
EndProject
Project("{FAE04EC0-301F-11D3-BF4B-00C04F79EFBC}") = "HelloWorldMvcWebApiApplication", "Concepts\HelloWorld\SampleMVCWebapiApp\HelloWorldMvcWebApiApplication\HelloWorldMvcWebApiApplication.csproj", "{FC4B6CBD-B293-48D3-ABE2-449B889E931A}"
EndProject
Project("{2150E333-8FDC-42A3-9474-1A3956D46DE8}") = "Identity", "Identity", "{D7BEB481-4120-4B03-AA40-1DEF3C60AA41}"
EndProject
Global
	GlobalSection(SolutionConfigurationPlatforms) = preSolution
		Debug|Any CPU = Debug|Any CPU
		Release|Any CPU = Release|Any CPU
	EndGlobalSection
	GlobalSection(ProjectConfigurationPlatforms) = postSolution
		{C2EAC0B0-F253-4D10-96DF-8D72D52A0D7C}.Debug|Any CPU.ActiveCfg = Debug|Any CPU
		{C2EAC0B0-F253-4D10-96DF-8D72D52A0D7C}.Debug|Any CPU.Build.0 = Debug|Any CPU
		{C2EAC0B0-F253-4D10-96DF-8D72D52A0D7C}.Release|Any CPU.ActiveCfg = Release|Any CPU
		{C2EAC0B0-F253-4D10-96DF-8D72D52A0D7C}.Release|Any CPU.Build.0 = Release|Any CPU
		{A32460A9-4EA3-49E3-AABC-F0FF90D16CDA}.Debug|Any CPU.ActiveCfg = Debug|Any CPU
		{A32460A9-4EA3-49E3-AABC-F0FF90D16CDA}.Debug|Any CPU.Build.0 = Debug|Any CPU
		{A32460A9-4EA3-49E3-AABC-F0FF90D16CDA}.Release|Any CPU.ActiveCfg = Release|Any CPU
		{A32460A9-4EA3-49E3-AABC-F0FF90D16CDA}.Release|Any CPU.Build.0 = Release|Any CPU
		{698A5E81-B68E-4F5C-90FB-48C47F0F43BF}.Debug|Any CPU.ActiveCfg = Debug|Any CPU
		{698A5E81-B68E-4F5C-90FB-48C47F0F43BF}.Debug|Any CPU.Build.0 = Debug|Any CPU
		{698A5E81-B68E-4F5C-90FB-48C47F0F43BF}.Release|Any CPU.ActiveCfg = Release|Any CPU
		{698A5E81-B68E-4F5C-90FB-48C47F0F43BF}.Release|Any CPU.Build.0 = Release|Any CPU
		{9F31F65A-9AA2-476A-8D1F-DFBDDAE84ADD}.Debug|Any CPU.ActiveCfg = Debug|Any CPU
		{9F31F65A-9AA2-476A-8D1F-DFBDDAE84ADD}.Debug|Any CPU.Build.0 = Debug|Any CPU
		{9F31F65A-9AA2-476A-8D1F-DFBDDAE84ADD}.Release|Any CPU.ActiveCfg = Release|Any CPU
		{9F31F65A-9AA2-476A-8D1F-DFBDDAE84ADD}.Release|Any CPU.Build.0 = Release|Any CPU
		{270CB594-86AD-405D-84DE-B7065A7E958E}.Debug|Any CPU.ActiveCfg = Debug|Any CPU
		{270CB594-86AD-405D-84DE-B7065A7E958E}.Debug|Any CPU.Build.0 = Debug|Any CPU
		{270CB594-86AD-405D-84DE-B7065A7E958E}.Release|Any CPU.ActiveCfg = Release|Any CPU
		{270CB594-86AD-405D-84DE-B7065A7E958E}.Release|Any CPU.Build.0 = Release|Any CPU
		{AAEC5F6A-4ED8-4AC3-903D-AEAFA65A1EB2}.Debug|Any CPU.ActiveCfg = Debug|Any CPU
		{AAEC5F6A-4ED8-4AC3-903D-AEAFA65A1EB2}.Debug|Any CPU.Build.0 = Debug|Any CPU
		{AAEC5F6A-4ED8-4AC3-903D-AEAFA65A1EB2}.Release|Any CPU.ActiveCfg = Release|Any CPU
		{AAEC5F6A-4ED8-4AC3-903D-AEAFA65A1EB2}.Release|Any CPU.Build.0 = Release|Any CPU
		{3C874CF3-0A57-4904-AD9B-63EDBC9CC26A}.Debug|Any CPU.ActiveCfg = Debug|Any CPU
		{3C874CF3-0A57-4904-AD9B-63EDBC9CC26A}.Debug|Any CPU.Build.0 = Debug|Any CPU
		{3C874CF3-0A57-4904-AD9B-63EDBC9CC26A}.Release|Any CPU.ActiveCfg = Release|Any CPU
		{3C874CF3-0A57-4904-AD9B-63EDBC9CC26A}.Release|Any CPU.Build.0 = Release|Any CPU
		{BC288D2C-40A2-4121-978E-E6922FAE7BA0}.Debug|Any CPU.ActiveCfg = Debug|Any CPU
		{BC288D2C-40A2-4121-978E-E6922FAE7BA0}.Debug|Any CPU.Build.0 = Debug|Any CPU
		{BC288D2C-40A2-4121-978E-E6922FAE7BA0}.Release|Any CPU.ActiveCfg = Release|Any CPU
		{BC288D2C-40A2-4121-978E-E6922FAE7BA0}.Release|Any CPU.Build.0 = Release|Any CPU
		{A1374232-8D0C-4979-B438-BCDEEF934429}.Debug|Any CPU.ActiveCfg = Debug|Any CPU
		{A1374232-8D0C-4979-B438-BCDEEF934429}.Debug|Any CPU.Build.0 = Debug|Any CPU
		{A1374232-8D0C-4979-B438-BCDEEF934429}.Release|Any CPU.ActiveCfg = Release|Any CPU
		{A1374232-8D0C-4979-B438-BCDEEF934429}.Release|Any CPU.Build.0 = Release|Any CPU
		{968D4851-296A-46A9-A3F2-4969C4AEDAE5}.Debug|Any CPU.ActiveCfg = Debug|Any CPU
		{968D4851-296A-46A9-A3F2-4969C4AEDAE5}.Debug|Any CPU.Build.0 = Debug|Any CPU
		{968D4851-296A-46A9-A3F2-4969C4AEDAE5}.Release|Any CPU.ActiveCfg = Release|Any CPU
		{968D4851-296A-46A9-A3F2-4969C4AEDAE5}.Release|Any CPU.Build.0 = Release|Any CPU
		{FC4B6CBD-B293-48D3-ABE2-449B889E931A}.Debug|Any CPU.ActiveCfg = Debug|Any CPU
		{FC4B6CBD-B293-48D3-ABE2-449B889E931A}.Debug|Any CPU.Build.0 = Debug|Any CPU
		{FC4B6CBD-B293-48D3-ABE2-449B889E931A}.Release|Any CPU.ActiveCfg = Release|Any CPU
		{FC4B6CBD-B293-48D3-ABE2-449B889E931A}.Release|Any CPU.Build.0 = Release|Any CPU
	EndGlobalSection
	GlobalSection(SolutionProperties) = preSolution
		HideSolutionNode = FALSE
	EndGlobalSection
	GlobalSection(NestedProjects) = preSolution
		{B81432EF-89E5-4344-9013-67C38E09AD14} = {82DB8C56-2EBB-4776-9BC5-F2DC185C010A}
		{C2EAC0B0-F253-4D10-96DF-8D72D52A0D7C} = {B81432EF-89E5-4344-9013-67C38E09AD14}
		{04F61548-DC76-4C77-B10B-EBF5732747E9} = {82DB8C56-2EBB-4776-9BC5-F2DC185C010A}
		{52153901-E39D-4CCF-B572-15F9BA43A0CE} = {04F61548-DC76-4C77-B10B-EBF5732747E9}
		{A32460A9-4EA3-49E3-AABC-F0FF90D16CDA} = {52153901-E39D-4CCF-B572-15F9BA43A0CE}
		{A741053D-D3EA-4F7B-8319-A878C3FAB464} = {82DB8C56-2EBB-4776-9BC5-F2DC185C010A}
		{698A5E81-B68E-4F5C-90FB-48C47F0F43BF} = {A741053D-D3EA-4F7B-8319-A878C3FAB464}
		{690148B3-96EF-4F53-BDE0-0CF9FB71BFF1} = {82DB8C56-2EBB-4776-9BC5-F2DC185C010A}
		{9F31F65A-9AA2-476A-8D1F-DFBDDAE84ADD} = {690148B3-96EF-4F53-BDE0-0CF9FB71BFF1}
		{86A1A9BC-7188-4336-8B58-6D2FB30C65B7} = {04F61548-DC76-4C77-B10B-EBF5732747E9}
		{270CB594-86AD-405D-84DE-B7065A7E958E} = {86A1A9BC-7188-4336-8B58-6D2FB30C65B7}
		{AAEC5F6A-4ED8-4AC3-903D-AEAFA65A1EB2} = {86A1A9BC-7188-4336-8B58-6D2FB30C65B7}
		{3C874CF3-0A57-4904-AD9B-63EDBC9CC26A} = {82DB8C56-2EBB-4776-9BC5-F2DC185C010A}
		{4720116D-5998-453B-B15F-AA6EA072646C} = {82DB8C56-2EBB-4776-9BC5-F2DC185C010A}
		{BC288D2C-40A2-4121-978E-E6922FAE7BA0} = {4720116D-5998-453B-B15F-AA6EA072646C}
		{A1374232-8D0C-4979-B438-BCDEEF934429} = {04F61548-DC76-4C77-B10B-EBF5732747E9}
		{968D4851-296A-46A9-A3F2-4969C4AEDAE5} = {D7BEB481-4120-4B03-AA40-1DEF3C60AA41}
		{192FDBDA-DAB6-48E7-80BE-D52BB0FD732C} = {82DB8C56-2EBB-4776-9BC5-F2DC185C010A}
		{FC4B6CBD-B293-48D3-ABE2-449B889E931A} = {192FDBDA-DAB6-48E7-80BE-D52BB0FD732C}
		{D7BEB481-4120-4B03-AA40-1DEF3C60AA41} = {82DB8C56-2EBB-4776-9BC5-F2DC185C010A}
	EndGlobalSection
EndGlobal
