
Microsoft Visual Studio Solution File, Format Version 12.00
# Visual Studio 14
VisualStudioVersion = 14.0.25420.1
MinimumVisualStudioVersion = 10.0.40219.1
Project("{2150E333-8FDC-42A3-9474-1A3956D46DE8}") = "Concepts", "Concepts", "{82DB8C56-2EBB-4776-9BC5-F2DC185C010A}"
EndProject
Project("{2150E333-8FDC-42A3-9474-1A3956D46DE8}") = "XML", "XML", "{B81432EF-89E5-4344-9013-67C38E09AD14}"
EndProject
Project("{FAE04EC0-301F-11D3-BF4B-00C04F79EFBC}") = "ConsoleApplicationXML", "ConsoleApplicationXML\ConsoleApplicationXML.csproj", "{C2EAC0B0-F253-4D10-96DF-8D72D52A0D7C}"
EndProject
Global
	GlobalSection(SolutionConfigurationPlatforms) = preSolution
		Debug|Any CPU = Debug|Any CPU
		Release|Any CPU = Release|Any CPU
	EndGlobalSection
	GlobalSection(ProjectConfigurationPlatforms) = postSolution
		{C2EAC0B0-F253-4D10-96DF-8D72D52A0D7C}.Debug|Any CPU.ActiveCfg = Debug|Any CPU
		{C2EAC0B0-F253-4D10-96DF-8D72D52A0D7C}.Debug|Any CPU.Build.0 = Debug|Any CPU
		{C2EAC0B0-F253-4D10-96DF-8D72D52A0D7C}.Release|Any CPU.ActiveCfg = Release|Any CPU
		{C2EAC0B0-F253-4D10-96DF-8D72D52A0D7C}.Release|Any CPU.Build.0 = Release|Any CPU
	EndGlobalSection
	GlobalSection(SolutionProperties) = preSolution
		HideSolutionNode = FALSE
	EndGlobalSection
	GlobalSection(NestedProjects) = preSolution
		{B81432EF-89E5-4344-9013-67C38E09AD14} = {82DB8C56-2EBB-4776-9BC5-F2DC185C010A}
		{C2EAC0B0-F253-4D10-96DF-8D72D52A0D7C} = {B81432EF-89E5-4344-9013-67C38E09AD14}
	EndGlobalSection
EndGlobal
