
Microsoft Visual Studio Solution File, Format Version 12.00
# Visual Studio 14
VisualStudioVersion = 14.0.25420.1
MinimumVisualStudioVersion = 10.0.40219.1
Project("{2150E333-8FDC-42A3-9474-1A3956D46DE8}") = "Concepts", "Concepts", "{82DB8C56-2EBB-4776-9BC5-F2DC185C010A}"
EndProject
Project("{2150E333-8FDC-42A3-9474-1A3956D46DE8}") = "XML", "XML", "{B81432EF-89E5-4344-9013-67C38E09AD14}"
EndProject
Project("{FAE04EC0-301F-11D3-BF4B-00C04F79EFBC}") = "ConsoleApplicationXML", "ConsoleApplicationXML\ConsoleApplicationXML.csproj", "{C2EAC0B0-F253-4D10-96DF-8D72D52A0D7C}"
EndProject
Project("{2150E333-8FDC-42A3-9474-1A3956D46DE8}") = "SampleWebApplications", "SampleWebApplications", "{AB507AB5-C6AE-43FF-AD77-1540761EBFC7}"
EndProject
Project("{FAE04EC0-301F-11D3-BF4B-00C04F79EFBC}") = "WebApplication20170129", "WebApplication20170129\WebApplication20170129.csproj", "{D69AA8EB-BF17-4E90-8874-E1D18816096F}"
EndProject
Project("{FAE04EC0-301F-11D3-BF4B-00C04F79EFBC}") = "WebApplication20170129.Tests", "WebApplication20170129.Tests\WebApplication20170129.Tests.csproj", "{902B8C07-8B49-4433-A6DA-37511EA03328}"
EndProject
Project("{2150E333-8FDC-42A3-9474-1A3956D46DE8}") = "AngularJS", "AngularJS", "{8AA3A556-8B8B-49A8-BA17-87553215F4D8}"
EndProject
Project("{2150E333-8FDC-42A3-9474-1A3956D46DE8}") = "Questpond", "Questpond", "{E5D806A4-D6B8-4423-AF1A-F5A519A846C5}"
EndProject
Project("{E24C65DC-7377-472B-9ABA-BC803B73C61A}") = "LAB1", "Concepts\AngularJS\Questpond\LAB1\", "{300BA189-5E7D-457E-A1C6-76373F03BCEC}"
	ProjectSection(WebsiteProperties) = preProject
		TargetFrameworkMoniker = ".NETFramework,Version%3Dv4.0"
		Debug.AspNetCompiler.VirtualPath = "/localhost_64202"
		Debug.AspNetCompiler.PhysicalPath = "Concepts\AngularJS\Questpond\LAB1\"
		Debug.AspNetCompiler.TargetPath = "PrecompiledWeb\localhost_64202\"
		Debug.AspNetCompiler.Updateable = "true"
		Debug.AspNetCompiler.ForceOverwrite = "true"
		Debug.AspNetCompiler.FixedNames = "false"
		Debug.AspNetCompiler.Debug = "True"
		Release.AspNetCompiler.VirtualPath = "/localhost_64202"
		Release.AspNetCompiler.PhysicalPath = "Concepts\AngularJS\Questpond\LAB1\"
		Release.AspNetCompiler.TargetPath = "PrecompiledWeb\localhost_64202\"
		Release.AspNetCompiler.Updateable = "true"
		Release.AspNetCompiler.ForceOverwrite = "true"
		Release.AspNetCompiler.FixedNames = "false"
		Release.AspNetCompiler.Debug = "False"
		VWDPort = "64202"
		SlnRelativePath = "Concepts\AngularJS\Questpond\LAB1\"
	EndProjectSection
EndProject
Global
	GlobalSection(SolutionConfigurationPlatforms) = preSolution
		Debug|Any CPU = Debug|Any CPU
		Release|Any CPU = Release|Any CPU
	EndGlobalSection
	GlobalSection(ProjectConfigurationPlatforms) = postSolution
		{C2EAC0B0-F253-4D10-96DF-8D72D52A0D7C}.Debug|Any CPU.ActiveCfg = Debug|Any CPU
		{C2EAC0B0-F253-4D10-96DF-8D72D52A0D7C}.Debug|Any CPU.Build.0 = Debug|Any CPU
		{C2EAC0B0-F253-4D10-96DF-8D72D52A0D7C}.Release|Any CPU.ActiveCfg = Release|Any CPU
		{C2EAC0B0-F253-4D10-96DF-8D72D52A0D7C}.Release|Any CPU.Build.0 = Release|Any CPU
		{D69AA8EB-BF17-4E90-8874-E1D18816096F}.Debug|Any CPU.ActiveCfg = Debug|Any CPU
		{D69AA8EB-BF17-4E90-8874-E1D18816096F}.Debug|Any CPU.Build.0 = Debug|Any CPU
		{D69AA8EB-BF17-4E90-8874-E1D18816096F}.Release|Any CPU.ActiveCfg = Release|Any CPU
		{D69AA8EB-BF17-4E90-8874-E1D18816096F}.Release|Any CPU.Build.0 = Release|Any CPU
		{902B8C07-8B49-4433-A6DA-37511EA03328}.Debug|Any CPU.ActiveCfg = Debug|Any CPU
		{902B8C07-8B49-4433-A6DA-37511EA03328}.Debug|Any CPU.Build.0 = Debug|Any CPU
		{902B8C07-8B49-4433-A6DA-37511EA03328}.Release|Any CPU.ActiveCfg = Release|Any CPU
		{902B8C07-8B49-4433-A6DA-37511EA03328}.Release|Any CPU.Build.0 = Release|Any CPU
		{300BA189-5E7D-457E-A1C6-76373F03BCEC}.Debug|Any CPU.ActiveCfg = Debug|Any CPU
		{300BA189-5E7D-457E-A1C6-76373F03BCEC}.Debug|Any CPU.Build.0 = Debug|Any CPU
		{300BA189-5E7D-457E-A1C6-76373F03BCEC}.Release|Any CPU.ActiveCfg = Debug|Any CPU
		{300BA189-5E7D-457E-A1C6-76373F03BCEC}.Release|Any CPU.Build.0 = Debug|Any CPU
	EndGlobalSection
	GlobalSection(SolutionProperties) = preSolution
		HideSolutionNode = FALSE
	EndGlobalSection
	GlobalSection(NestedProjects) = preSolution
		{B81432EF-89E5-4344-9013-67C38E09AD14} = {82DB8C56-2EBB-4776-9BC5-F2DC185C010A}
		{C2EAC0B0-F253-4D10-96DF-8D72D52A0D7C} = {B81432EF-89E5-4344-9013-67C38E09AD14}
		{D69AA8EB-BF17-4E90-8874-E1D18816096F} = {AB507AB5-C6AE-43FF-AD77-1540761EBFC7}
		{902B8C07-8B49-4433-A6DA-37511EA03328} = {AB507AB5-C6AE-43FF-AD77-1540761EBFC7}
		{8AA3A556-8B8B-49A8-BA17-87553215F4D8} = {82DB8C56-2EBB-4776-9BC5-F2DC185C010A}
		{E5D806A4-D6B8-4423-AF1A-F5A519A846C5} = {8AA3A556-8B8B-49A8-BA17-87553215F4D8}
		{300BA189-5E7D-457E-A1C6-76373F03BCEC} = {E5D806A4-D6B8-4423-AF1A-F5A519A846C5}
	EndGlobalSection
EndGlobal
